// !$*UTF8*$!
{
	archiveVersion = 1;
	classes = {
	};
	objectVersion = 56;
	objects = {

/* Begin PBXBuildFile section */
		06CF183F2BC68C4D00AB9081 /* iOSApp.swift in Sources */ = {isa = PBXBuildFile; fileRef = 06CF183E2BC68C4D00AB9081 /* iOSApp.swift */; };
		06CF18412BC68C4D00AB9081 /* ContentView.swift in Sources */ = {isa = PBXBuildFile; fileRef = 06CF18402BC68C4D00AB9081 /* ContentView.swift */; };
		06CF18432BC68C4E00AB9081 /* Assets.xcassets in Resources */ = {isa = PBXBuildFile; fileRef = 06CF18422BC68C4E00AB9081 /* Assets.xcassets */; };
		06CF18472BC68C4E00AB9081 /* Preview Assets.xcassets in Resources */ = {isa = PBXBuildFile; fileRef = 06CF18462BC68C4E00AB9081 /* Preview Assets.xcassets */; };
		06CF18512BC68C4E00AB9081 /* ios_challengeTests.swift in Sources */ = {isa = PBXBuildFile; fileRef = 06CF18502BC68C4E00AB9081 /* ios_challengeTests.swift */; };
		06CF185B2BC68C4E00AB9081 /* ios_challengeUITests.swift in Sources */ = {isa = PBXBuildFile; fileRef = 06CF185A2BC68C4E00AB9081 /* ios_challengeUITests.swift */; };
		06CF185D2BC68C4E00AB9081 /* ios_challengeUITestsLaunchTests.swift in Sources */ = {isa = PBXBuildFile; fileRef = 06CF185C2BC68C4E00AB9081 /* ios_challengeUITestsLaunchTests.swift */; };
		06CF18702BC68CB200AB9081 /* MainSceneView.swift in Sources */ = {isa = PBXBuildFile; fileRef = 06CF186F2BC68CB200AB9081 /* MainSceneView.swift */; };
/* End PBXBuildFile section */

/* Begin PBXContainerItemProxy section */
		06CF184D2BC68C4E00AB9081 /* PBXContainerItemProxy */ = {
			isa = PBXContainerItemProxy;
			containerPortal = 06CF18332BC68C4D00AB9081 /* Project object */;
			proxyType = 1;
			remoteGlobalIDString = 06CF183A2BC68C4D00AB9081;
			remoteInfo = "ios-challenge";
		};
		06CF18572BC68C4E00AB9081 /* PBXContainerItemProxy */ = {
			isa = PBXContainerItemProxy;
			containerPortal = 06CF18332BC68C4D00AB9081 /* Project object */;
			proxyType = 1;
			remoteGlobalIDString = 06CF183A2BC68C4D00AB9081;
			remoteInfo = "ios-challenge";
		};
/* End PBXContainerItemProxy section */

/* Begin PBXFileReference section */
		06CF183B2BC68C4D00AB9081 /* ios-challenge.app */ = {isa = PBXFileReference; explicitFileType = wrapper.application; includeInIndex = 0; path = "ios-challenge.app"; sourceTree = BUILT_PRODUCTS_DIR; };
		06CF183E2BC68C4D00AB9081 /* iOSApp.swift */ = {isa = PBXFileReference; lastKnownFileType = sourcecode.swift; path = iOSApp.swift; sourceTree = "<group>"; };
		06CF18402BC68C4D00AB9081 /* ContentView.swift */ = {isa = PBXFileReference; lastKnownFileType = sourcecode.swift; path = ContentView.swift; sourceTree = "<group>"; };
		06CF18422BC68C4E00AB9081 /* Assets.xcassets */ = {isa = PBXFileReference; lastKnownFileType = folder.assetcatalog; path = Assets.xcassets; sourceTree = "<group>"; };
		06CF18442BC68C4E00AB9081 /* ios_challenge.entitlements */ = {isa = PBXFileReference; lastKnownFileType = text.plist.entitlements; path = ios_challenge.entitlements; sourceTree = "<group>"; };
		06CF18462BC68C4E00AB9081 /* Preview Assets.xcassets */ = {isa = PBXFileReference; lastKnownFileType = folder.assetcatalog; path = "Preview Assets.xcassets"; sourceTree = "<group>"; };
		06CF184C2BC68C4E00AB9081 /* ios-challengeTests.xctest */ = {isa = PBXFileReference; explicitFileType = wrapper.cfbundle; includeInIndex = 0; path = "ios-challengeTests.xctest"; sourceTree = BUILT_PRODUCTS_DIR; };
		06CF18502BC68C4E00AB9081 /* ios_challengeTests.swift */ = {isa = PBXFileReference; lastKnownFileType = sourcecode.swift; path = ios_challengeTests.swift; sourceTree = "<group>"; };
		06CF18562BC68C4E00AB9081 /* ios-challengeUITests.xctest */ = {isa = PBXFileReference; explicitFileType = wrapper.cfbundle; includeInIndex = 0; path = "ios-challengeUITests.xctest"; sourceTree = BUILT_PRODUCTS_DIR; };
		06CF185A2BC68C4E00AB9081 /* ios_challengeUITests.swift */ = {isa = PBXFileReference; lastKnownFileType = sourcecode.swift; path = ios_challengeUITests.swift; sourceTree = "<group>"; };
		06CF185C2BC68C4E00AB9081 /* ios_challengeUITestsLaunchTests.swift */ = {isa = PBXFileReference; lastKnownFileType = sourcecode.swift; path = ios_challengeUITestsLaunchTests.swift; sourceTree = "<group>"; };
		06CF186F2BC68CB200AB9081 /* MainSceneView.swift */ = {isa = PBXFileReference; lastKnownFileType = sourcecode.swift; path = MainSceneView.swift; sourceTree = "<group>"; };
/* End PBXFileReference section */

/* Begin PBXFrameworksBuildPhase section */
		06CF18382BC68C4D00AB9081 /* Frameworks */ = {
			isa = PBXFrameworksBuildPhase;
			buildActionMask = 2147483647;
			files = (
			);
			runOnlyForDeploymentPostprocessing = 0;
		};
		06CF18492BC68C4E00AB9081 /* Frameworks */ = {
			isa = PBXFrameworksBuildPhase;
			buildActionMask = 2147483647;
			files = (
			);
			runOnlyForDeploymentPostprocessing = 0;
		};
		06CF18532BC68C4E00AB9081 /* Frameworks */ = {
			isa = PBXFrameworksBuildPhase;
			buildActionMask = 2147483647;
			files = (
			);
			runOnlyForDeploymentPostprocessing = 0;
		};
/* End PBXFrameworksBuildPhase section */

/* Begin PBXGroup section */
		06CF18322BC68C4D00AB9081 = {
			isa = PBXGroup;
			children = (
				06CF183D2BC68C4D00AB9081 /* ios-challenge */,
				06CF184F2BC68C4E00AB9081 /* ios-challengeTests */,
				06CF18592BC68C4E00AB9081 /* ios-challengeUITests */,
				06CF183C2BC68C4D00AB9081 /* Products */,
			);
			sourceTree = "<group>";
		};
		06CF183C2BC68C4D00AB9081 /* Products */ = {
			isa = PBXGroup;
			children = (
				06CF183B2BC68C4D00AB9081 /* ios-challenge.app */,
				06CF184C2BC68C4E00AB9081 /* ios-challengeTests.xctest */,
				06CF18562BC68C4E00AB9081 /* ios-challengeUITests.xctest */,
			);
			name = Products;
			sourceTree = "<group>";
		};
		06CF183D2BC68C4D00AB9081 /* ios-challenge */ = {
			isa = PBXGroup;
			children = (
				06CF186A2BC68C6300AB9081 /* res */,
				06CF18692BC68C5E00AB9081 /* src */,
				06CF18452BC68C4E00AB9081 /* Preview Content */,
			);
			path = "ios-challenge";
			sourceTree = "<group>";
		};
		06CF18452BC68C4E00AB9081 /* Preview Content */ = {
			isa = PBXGroup;
			children = (
				06CF18462BC68C4E00AB9081 /* Preview Assets.xcassets */,
			);
			path = "Preview Content";
			sourceTree = "<group>";
		};
		06CF184F2BC68C4E00AB9081 /* ios-challengeTests */ = {
			isa = PBXGroup;
			children = (
				06CF18502BC68C4E00AB9081 /* ios_challengeTests.swift */,
			);
			path = "ios-challengeTests";
			sourceTree = "<group>";
		};
		06CF18592BC68C4E00AB9081 /* ios-challengeUITests */ = {
			isa = PBXGroup;
			children = (
				06CF185A2BC68C4E00AB9081 /* ios_challengeUITests.swift */,
				06CF185C2BC68C4E00AB9081 /* ios_challengeUITestsLaunchTests.swift */,
			);
			path = "ios-challengeUITests";
			sourceTree = "<group>";
		};
		06CF18692BC68C5E00AB9081 /* src */ = {
			isa = PBXGroup;
			children = (
				06CF18712BC68CD800AB9081 /* core */,
				06CF186B2BC68C8000AB9081 /* ui */,
			);
			path = src;
			sourceTree = "<group>";
		};
		06CF186A2BC68C6300AB9081 /* res */ = {
			isa = PBXGroup;
			children = (
				06CF18422BC68C4E00AB9081 /* Assets.xcassets */,
			);
			path = res;
			sourceTree = "<group>";
		};
		06CF186B2BC68C8000AB9081 /* ui */ = {
			isa = PBXGroup;
			children = (
				06CF186C2BC68C8C00AB9081 /* scenes */,
			);
			path = ui;
			sourceTree = "<group>";
		};
		06CF186C2BC68C8C00AB9081 /* scenes */ = {
			isa = PBXGroup;
			children = (
				06CF186E2BC68CA400AB9081 /* main */,
			);
			path = scenes;
			sourceTree = "<group>";
		};
		06CF186E2BC68CA400AB9081 /* main */ = {
			isa = PBXGroup;
			children = (
				06CF186F2BC68CB200AB9081 /* MainSceneView.swift */,
			);
			path = main;
			sourceTree = "<group>";
		};
		06CF18712BC68CD800AB9081 /* core */ = {
			isa = PBXGroup;
			children = (
				06CF18722BC68D0100AB9081 /* utils */,
			);
			path = core;
			sourceTree = "<group>";
		};
		06CF18722BC68D0100AB9081 /* utils */ = {
			isa = PBXGroup;
			children = (
				06CF18732BC68D0600AB9081 /* app */,
			);
			path = utils;
			sourceTree = "<group>";
		};
		06CF18732BC68D0600AB9081 /* app */ = {
			isa = PBXGroup;
			children = (
				06CF183E2BC68C4D00AB9081 /* iOSApp.swift */,
				06CF18402BC68C4D00AB9081 /* ContentView.swift */,
				06CF18442BC68C4E00AB9081 /* ios_challenge.entitlements */,
			);
			path = app;
			sourceTree = "<group>";
		};
/* End PBXGroup section */

/* Begin PBXNativeTarget section */
		06CF183A2BC68C4D00AB9081 /* ios-challenge */ = {
			isa = PBXNativeTarget;
			buildConfigurationList = 06CF18602BC68C4E00AB9081 /* Build configuration list for PBXNativeTarget "ios-challenge" */;
			buildPhases = (
				06CF18372BC68C4D00AB9081 /* Sources */,
				06CF18382BC68C4D00AB9081 /* Frameworks */,
				06CF18392BC68C4D00AB9081 /* Resources */,
			);
			buildRules = (
			);
			dependencies = (
			);
			name = "ios-challenge";
			productName = "ios-challenge";
			productReference = 06CF183B2BC68C4D00AB9081 /* ios-challenge.app */;
			productType = "com.apple.product-type.application";
		};
		06CF184B2BC68C4E00AB9081 /* ios-challengeTests */ = {
			isa = PBXNativeTarget;
			buildConfigurationList = 06CF18632BC68C4E00AB9081 /* Build configuration list for PBXNativeTarget "ios-challengeTests" */;
			buildPhases = (
				06CF18482BC68C4E00AB9081 /* Sources */,
				06CF18492BC68C4E00AB9081 /* Frameworks */,
				06CF184A2BC68C4E00AB9081 /* Resources */,
			);
			buildRules = (
			);
			dependencies = (
				06CF184E2BC68C4E00AB9081 /* PBXTargetDependency */,
			);
			name = "ios-challengeTests";
			productName = "ios-challengeTests";
			productReference = 06CF184C2BC68C4E00AB9081 /* ios-challengeTests.xctest */;
			productType = "com.apple.product-type.bundle.unit-test";
		};
		06CF18552BC68C4E00AB9081 /* ios-challengeUITests */ = {
			isa = PBXNativeTarget;
			buildConfigurationList = 06CF18662BC68C4E00AB9081 /* Build configuration list for PBXNativeTarget "ios-challengeUITests" */;
			buildPhases = (
				06CF18522BC68C4E00AB9081 /* Sources */,
				06CF18532BC68C4E00AB9081 /* Frameworks */,
				06CF18542BC68C4E00AB9081 /* Resources */,
			);
			buildRules = (
			);
			dependencies = (
				06CF18582BC68C4E00AB9081 /* PBXTargetDependency */,
			);
			name = "ios-challengeUITests";
			productName = "ios-challengeUITests";
			productReference = 06CF18562BC68C4E00AB9081 /* ios-challengeUITests.xctest */;
			productType = "com.apple.product-type.bundle.ui-testing";
		};
/* End PBXNativeTarget section */

/* Begin PBXProject section */
		06CF18332BC68C4D00AB9081 /* Project object */ = {
			isa = PBXProject;
			attributes = {
				BuildIndependentTargetsInParallel = 1;
				LastSwiftUpdateCheck = 1520;
				LastUpgradeCheck = 1520;
				TargetAttributes = {
					06CF183A2BC68C4D00AB9081 = {
						CreatedOnToolsVersion = 15.2;
					};
					06CF184B2BC68C4E00AB9081 = {
						CreatedOnToolsVersion = 15.2;
						TestTargetID = 06CF183A2BC68C4D00AB9081;
					};
					06CF18552BC68C4E00AB9081 = {
						CreatedOnToolsVersion = 15.2;
						TestTargetID = 06CF183A2BC68C4D00AB9081;
					};
				};
			};
			buildConfigurationList = 06CF18362BC68C4D00AB9081 /* Build configuration list for PBXProject "ios-challenge" */;
			compatibilityVersion = "Xcode 14.0";
			developmentRegion = en;
			hasScannedForEncodings = 0;
			knownRegions = (
				en,
				Base,
			);
			mainGroup = 06CF18322BC68C4D00AB9081;
			productRefGroup = 06CF183C2BC68C4D00AB9081 /* Products */;
			projectDirPath = "";
			projectRoot = "";
			targets = (
				06CF183A2BC68C4D00AB9081 /* ios-challenge */,
				06CF184B2BC68C4E00AB9081 /* ios-challengeTests */,
				06CF18552BC68C4E00AB9081 /* ios-challengeUITests */,
			);
		};
/* End PBXProject section */

/* Begin PBXResourcesBuildPhase section */
		06CF18392BC68C4D00AB9081 /* Resources */ = {
			isa = PBXResourcesBuildPhase;
			buildActionMask = 2147483647;
			files = (
				06CF18472BC68C4E00AB9081 /* Preview Assets.xcassets in Resources */,
				06CF18432BC68C4E00AB9081 /* Assets.xcassets in Resources */,
			);
			runOnlyForDeploymentPostprocessing = 0;
		};
		06CF184A2BC68C4E00AB9081 /* Resources */ = {
			isa = PBXResourcesBuildPhase;
			buildActionMask = 2147483647;
			files = (
			);
			runOnlyForDeploymentPostprocessing = 0;
		};
		06CF18542BC68C4E00AB9081 /* Resources */ = {
			isa = PBXResourcesBuildPhase;
			buildActionMask = 2147483647;
			files = (
			);
			runOnlyForDeploymentPostprocessing = 0;
		};
/* End PBXResourcesBuildPhase section */

/* Begin PBXSourcesBuildPhase section */
		06CF18372BC68C4D00AB9081 /* Sources */ = {
			isa = PBXSourcesBuildPhase;
			buildActionMask = 2147483647;
			files = (
				06CF18412BC68C4D00AB9081 /* ContentView.swift in Sources */,
				06CF183F2BC68C4D00AB9081 /* iOSApp.swift in Sources */,
				06CF18702BC68CB200AB9081 /* MainSceneView.swift in Sources */,
			);
			runOnlyForDeploymentPostprocessing = 0;
		};
		06CF18482BC68C4E00AB9081 /* Sources */ = {
			isa = PBXSourcesBuildPhase;
			buildActionMask = 2147483647;
			files = (
				06CF18512BC68C4E00AB9081 /* ios_challengeTests.swift in Sources */,
			);
			runOnlyForDeploymentPostprocessing = 0;
		};
		06CF18522BC68C4E00AB9081 /* Sources */ = {
			isa = PBXSourcesBuildPhase;
			buildActionMask = 2147483647;
			files = (
				06CF185D2BC68C4E00AB9081 /* ios_challengeUITestsLaunchTests.swift in Sources */,
				06CF185B2BC68C4E00AB9081 /* ios_challengeUITests.swift in Sources */,
			);
			runOnlyForDeploymentPostprocessing = 0;
		};
/* End PBXSourcesBuildPhase section */

/* Begin PBXTargetDependency section */
		06CF184E2BC68C4E00AB9081 /* PBXTargetDependency */ = {
			isa = PBXTargetDependency;
			target = 06CF183A2BC68C4D00AB9081 /* ios-challenge */;
			targetProxy = 06CF184D2BC68C4E00AB9081 /* PBXContainerItemProxy */;
		};
		06CF18582BC68C4E00AB9081 /* PBXTargetDependency */ = {
			isa = PBXTargetDependency;
			target = 06CF183A2BC68C4D00AB9081 /* ios-challenge */;
			targetProxy = 06CF18572BC68C4E00AB9081 /* PBXContainerItemProxy */;
		};
/* End PBXTargetDependency section */

/* Begin XCBuildConfiguration section */
		06CF185E2BC68C4E00AB9081 /* Debug */ = {
			isa = XCBuildConfiguration;
			buildSettings = {
				ALWAYS_SEARCH_USER_PATHS = NO;
				ASSETCATALOG_COMPILER_GENERATE_SWIFT_ASSET_SYMBOL_EXTENSIONS = YES;
				CLANG_ANALYZER_NONNULL = YES;
				CLANG_ANALYZER_NUMBER_OBJECT_CONVERSION = YES_AGGRESSIVE;
				CLANG_CXX_LANGUAGE_STANDARD = "gnu++20";
				CLANG_ENABLE_MODULES = YES;
				CLANG_ENABLE_OBJC_ARC = YES;
				CLANG_ENABLE_OBJC_WEAK = YES;
				CLANG_WARN_BLOCK_CAPTURE_AUTORELEASING = YES;
				CLANG_WARN_BOOL_CONVERSION = YES;
				CLANG_WARN_COMMA = YES;
				CLANG_WARN_CONSTANT_CONVERSION = YES;
				CLANG_WARN_DEPRECATED_OBJC_IMPLEMENTATIONS = YES;
				CLANG_WARN_DIRECT_OBJC_ISA_USAGE = YES_ERROR;
				CLANG_WARN_DOCUMENTATION_COMMENTS = YES;
				CLANG_WARN_EMPTY_BODY = YES;
				CLANG_WARN_ENUM_CONVERSION = YES;
				CLANG_WARN_INFINITE_RECURSION = YES;
				CLANG_WARN_INT_CONVERSION = YES;
				CLANG_WARN_NON_LITERAL_NULL_CONVERSION = YES;
				CLANG_WARN_OBJC_IMPLICIT_RETAIN_SELF = YES;
				CLANG_WARN_OBJC_LITERAL_CONVERSION = YES;
				CLANG_WARN_OBJC_ROOT_CLASS = YES_ERROR;
				CLANG_WARN_QUOTED_INCLUDE_IN_FRAMEWORK_HEADER = YES;
				CLANG_WARN_RANGE_LOOP_ANALYSIS = YES;
				CLANG_WARN_STRICT_PROTOTYPES = YES;
				CLANG_WARN_SUSPICIOUS_MOVE = YES;
				CLANG_WARN_UNGUARDED_AVAILABILITY = YES_AGGRESSIVE;
				CLANG_WARN_UNREACHABLE_CODE = YES;
				CLANG_WARN__DUPLICATE_METHOD_MATCH = YES;
				COPY_PHASE_STRIP = NO;
				DEBUG_INFORMATION_FORMAT = dwarf;
				ENABLE_STRICT_OBJC_MSGSEND = YES;
				ENABLE_TESTABILITY = YES;
				ENABLE_USER_SCRIPT_SANDBOXING = YES;
				GCC_C_LANGUAGE_STANDARD = gnu17;
				GCC_DYNAMIC_NO_PIC = NO;
				GCC_NO_COMMON_BLOCKS = YES;
				GCC_OPTIMIZATION_LEVEL = 0;
				GCC_PREPROCESSOR_DEFINITIONS = (
					"DEBUG=1",
					"$(inherited)",
				);
				GCC_WARN_64_TO_32_BIT_CONVERSION = YES;
				GCC_WARN_ABOUT_RETURN_TYPE = YES_ERROR;
				GCC_WARN_UNDECLARED_SELECTOR = YES;
				GCC_WARN_UNINITIALIZED_AUTOS = YES_AGGRESSIVE;
				GCC_WARN_UNUSED_FUNCTION = YES;
				GCC_WARN_UNUSED_VARIABLE = YES;
				LOCALIZATION_PREFERS_STRING_CATALOGS = YES;
				MTL_ENABLE_DEBUG_INFO = INCLUDE_SOURCE;
				MTL_FAST_MATH = YES;
				ONLY_ACTIVE_ARCH = YES;
				SWIFT_ACTIVE_COMPILATION_CONDITIONS = "DEBUG $(inherited)";
				SWIFT_OPTIMIZATION_LEVEL = "-Onone";
			};
			name = Debug;
		};
		06CF185F2BC68C4E00AB9081 /* Release */ = {
			isa = XCBuildConfiguration;
			buildSettings = {
				ALWAYS_SEARCH_USER_PATHS = NO;
				ASSETCATALOG_COMPILER_GENERATE_SWIFT_ASSET_SYMBOL_EXTENSIONS = YES;
				CLANG_ANALYZER_NONNULL = YES;
				CLANG_ANALYZER_NUMBER_OBJECT_CONVERSION = YES_AGGRESSIVE;
				CLANG_CXX_LANGUAGE_STANDARD = "gnu++20";
				CLANG_ENABLE_MODULES = YES;
				CLANG_ENABLE_OBJC_ARC = YES;
				CLANG_ENABLE_OBJC_WEAK = YES;
				CLANG_WARN_BLOCK_CAPTURE_AUTORELEASING = YES;
				CLANG_WARN_BOOL_CONVERSION = YES;
				CLANG_WARN_COMMA = YES;
				CLANG_WARN_CONSTANT_CONVERSION = YES;
				CLANG_WARN_DEPRECATED_OBJC_IMPLEMENTATIONS = YES;
				CLANG_WARN_DIRECT_OBJC_ISA_USAGE = YES_ERROR;
				CLANG_WARN_DOCUMENTATION_COMMENTS = YES;
				CLANG_WARN_EMPTY_BODY = YES;
				CLANG_WARN_ENUM_CONVERSION = YES;
				CLANG_WARN_INFINITE_RECURSION = YES;
				CLANG_WARN_INT_CONVERSION = YES;
				CLANG_WARN_NON_LITERAL_NULL_CONVERSION = YES;
				CLANG_WARN_OBJC_IMPLICIT_RETAIN_SELF = YES;
				CLANG_WARN_OBJC_LITERAL_CONVERSION = YES;
				CLANG_WARN_OBJC_ROOT_CLASS = YES_ERROR;
				CLANG_WARN_QUOTED_INCLUDE_IN_FRAMEWORK_HEADER = YES;
				CLANG_WARN_RANGE_LOOP_ANALYSIS = YES;
				CLANG_WARN_STRICT_PROTOTYPES = YES;
				CLANG_WARN_SUSPICIOUS_MOVE = YES;
				CLANG_WARN_UNGUARDED_AVAILABILITY = YES_AGGRESSIVE;
				CLANG_WARN_UNREACHABLE_CODE = YES;
				CLANG_WARN__DUPLICATE_METHOD_MATCH = YES;
				COPY_PHASE_STRIP = NO;
				DEBUG_INFORMATION_FORMAT = "dwarf-with-dsym";
				ENABLE_NS_ASSERTIONS = NO;
				ENABLE_STRICT_OBJC_MSGSEND = YES;
				ENABLE_USER_SCRIPT_SANDBOXING = YES;
				GCC_C_LANGUAGE_STANDARD = gnu17;
				GCC_NO_COMMON_BLOCKS = YES;
				GCC_WARN_64_TO_32_BIT_CONVERSION = YES;
				GCC_WARN_ABOUT_RETURN_TYPE = YES_ERROR;
				GCC_WARN_UNDECLARED_SELECTOR = YES;
				GCC_WARN_UNINITIALIZED_AUTOS = YES_AGGRESSIVE;
				GCC_WARN_UNUSED_FUNCTION = YES;
				GCC_WARN_UNUSED_VARIABLE = YES;
				LOCALIZATION_PREFERS_STRING_CATALOGS = YES;
				MTL_ENABLE_DEBUG_INFO = NO;
				MTL_FAST_MATH = YES;
				SWIFT_COMPILATION_MODE = wholemodule;
			};
			name = Release;
		};
		06CF18612BC68C4E00AB9081 /* Debug */ = {
			isa = XCBuildConfiguration;
			buildSettings = {
				ASSETCATALOG_COMPILER_APPICON_NAME = AppIcon;
				ASSETCATALOG_COMPILER_GLOBAL_ACCENT_COLOR_NAME = AccentColor;
				CODE_SIGN_ENTITLEMENTS = "ios-challenge/src/core/utils/app/ios_challenge.entitlements";
				CODE_SIGN_STYLE = Automatic;
				CURRENT_PROJECT_VERSION = 1;
				DEVELOPMENT_ASSET_PATHS = "\"ios-challenge/Preview Content\"";
				ENABLE_PREVIEWS = YES;
				GENERATE_INFOPLIST_FILE = YES;
				"INFOPLIST_KEY_UIApplicationSceneManifest_Generation[sdk=iphoneos*]" = YES;
				"INFOPLIST_KEY_UIApplicationSceneManifest_Generation[sdk=iphonesimulator*]" = YES;
				"INFOPLIST_KEY_UIApplicationSupportsIndirectInputEvents[sdk=iphoneos*]" = YES;
				"INFOPLIST_KEY_UIApplicationSupportsIndirectInputEvents[sdk=iphonesimulator*]" = YES;
				"INFOPLIST_KEY_UILaunchScreen_Generation[sdk=iphoneos*]" = YES;
				"INFOPLIST_KEY_UILaunchScreen_Generation[sdk=iphonesimulator*]" = YES;
				"INFOPLIST_KEY_UIStatusBarStyle[sdk=iphoneos*]" = UIStatusBarStyleDefault;
				"INFOPLIST_KEY_UIStatusBarStyle[sdk=iphonesimulator*]" = UIStatusBarStyleDefault;
				INFOPLIST_KEY_UISupportedInterfaceOrientations_iPad = "UIInterfaceOrientationPortrait UIInterfaceOrientationPortraitUpsideDown UIInterfaceOrientationLandscapeLeft UIInterfaceOrientationLandscapeRight";
				INFOPLIST_KEY_UISupportedInterfaceOrientations_iPhone = "UIInterfaceOrientationPortrait UIInterfaceOrientationLandscapeLeft UIInterfaceOrientationLandscapeRight";
				IPHONEOS_DEPLOYMENT_TARGET = 17.2;
				LD_RUNPATH_SEARCH_PATHS = "@executable_path/Frameworks";
				"LD_RUNPATH_SEARCH_PATHS[sdk=macosx*]" = "@executable_path/../Frameworks";
				MACOSX_DEPLOYMENT_TARGET = 14.2;
				MARKETING_VERSION = 1.0;
				PRODUCT_BUNDLE_IDENTIFIER = "com.organization.ios-challenge";
				PRODUCT_NAME = "$(TARGET_NAME)";
				SDKROOT = auto;
				SUPPORTED_PLATFORMS = "iphoneos iphonesimulator macosx";
				SWIFT_EMIT_LOC_STRINGS = YES;
				SWIFT_VERSION = 5.0;
				TARGETED_DEVICE_FAMILY = "1,2";
			};
			name = Debug;
		};
		06CF18622BC68C4E00AB9081 /* Release */ = {
			isa = XCBuildConfiguration;
			buildSettings = {
				ASSETCATALOG_COMPILER_APPICON_NAME = AppIcon;
				ASSETCATALOG_COMPILER_GLOBAL_ACCENT_COLOR_NAME = AccentColor;
				CODE_SIGN_ENTITLEMENTS = "ios-challenge/src/core/utils/app/ios_challenge.entitlements";
				CODE_SIGN_STYLE = Automatic;
				CURRENT_PROJECT_VERSION = 1;
				DEVELOPMENT_ASSET_PATHS = "\"ios-challenge/Preview Content\"";
				ENABLE_PREVIEWS = YES;
				GENERATE_INFOPLIST_FILE = YES;
				"INFOPLIST_KEY_UIApplicationSceneManifest_Generation[sdk=iphoneos*]" = YES;
				"INFOPLIST_KEY_UIApplicationSceneManifest_Generation[sdk=iphonesimulator*]" = YES;
				"INFOPLIST_KEY_UIApplicationSupportsIndirectInputEvents[sdk=iphoneos*]" = YES;
				"INFOPLIST_KEY_UIApplicationSupportsIndirectInputEvents[sdk=iphonesimulator*]" = YES;
				"INFOPLIST_KEY_UILaunchScreen_Generation[sdk=iphoneos*]" = YES;
				"INFOPLIST_KEY_UILaunchScreen_Generation[sdk=iphonesimulator*]" = YES;
				"INFOPLIST_KEY_UIStatusBarStyle[sdk=iphoneos*]" = UIStatusBarStyleDefault;
				"INFOPLIST_KEY_UIStatusBarStyle[sdk=iphonesimulator*]" = UIStatusBarStyleDefault;
				INFOPLIST_KEY_UISupportedInterfaceOrientations_iPad = "UIInterfaceOrientationPortrait UIInterfaceOrientationPortraitUpsideDown UIInterfaceOrientationLandscapeLeft UIInterfaceOrientationLandscapeRight";
				INFOPLIST_KEY_UISupportedInterfaceOrientations_iPhone = "UIInterfaceOrientationPortrait UIInterfaceOrientationLandscapeLeft UIInterfaceOrientationLandscapeRight";
				IPHONEOS_DEPLOYMENT_TARGET = 17.2;
				LD_RUNPATH_SEARCH_PATHS = "@executable_path/Frameworks";
				"LD_RUNPATH_SEARCH_PATHS[sdk=macosx*]" = "@executable_path/../Frameworks";
				MACOSX_DEPLOYMENT_TARGET = 14.2;
				MARKETING_VERSION = 1.0;
				PRODUCT_BUNDLE_IDENTIFIER = "com.organization.ios-challenge";
				PRODUCT_NAME = "$(TARGET_NAME)";
				SDKROOT = auto;
				SUPPORTED_PLATFORMS = "iphoneos iphonesimulator macosx";
				SWIFT_EMIT_LOC_STRINGS = YES;
				SWIFT_VERSION = 5.0;
				TARGETED_DEVICE_FAMILY = "1,2";
			};
			name = Release;
		};
		06CF18642BC68C4E00AB9081 /* Debug */ = {
			isa = XCBuildConfiguration;
			buildSettings = {
				ALWAYS_EMBED_SWIFT_STANDARD_LIBRARIES = YES;
				BUNDLE_LOADER = "$(TEST_HOST)";
				CODE_SIGN_STYLE = Automatic;
				CURRENT_PROJECT_VERSION = 1;
				GENERATE_INFOPLIST_FILE = YES;
				IPHONEOS_DEPLOYMENT_TARGET = 17.2;
				MACOSX_DEPLOYMENT_TARGET = 14.2;
				MARKETING_VERSION = 1.0;
				PRODUCT_BUNDLE_IDENTIFIER = "com.orgranization.ios-challengeTests";
				PRODUCT_NAME = "$(TARGET_NAME)";
				SDKROOT = auto;
				SUPPORTED_PLATFORMS = "iphoneos iphonesimulator macosx";
				SWIFT_EMIT_LOC_STRINGS = NO;
				SWIFT_VERSION = 5.0;
				TARGETED_DEVICE_FAMILY = "1,2";
				TEST_HOST = "$(BUILT_PRODUCTS_DIR)/ios-challenge.app/$(BUNDLE_EXECUTABLE_FOLDER_PATH)/ios-challenge";
			};
			name = Debug;
		};
		06CF18652BC68C4E00AB9081 /* Release */ = {
			isa = XCBuildConfiguration;
			buildSettings = {
				ALWAYS_EMBED_SWIFT_STANDARD_LIBRARIES = YES;
				BUNDLE_LOADER = "$(TEST_HOST)";
				CODE_SIGN_STYLE = Automatic;
				CURRENT_PROJECT_VERSION = 1;
				GENERATE_INFOPLIST_FILE = YES;
				IPHONEOS_DEPLOYMENT_TARGET = 17.2;
				MACOSX_DEPLOYMENT_TARGET = 14.2;
				MARKETING_VERSION = 1.0;
				PRODUCT_BUNDLE_IDENTIFIER = "com.orgranization.ios-challengeTests";
				PRODUCT_NAME = "$(TARGET_NAME)";
				SDKROOT = auto;
				SUPPORTED_PLATFORMS = "iphoneos iphonesimulator macosx";
				SWIFT_EMIT_LOC_STRINGS = NO;
				SWIFT_VERSION = 5.0;
				TARGETED_DEVICE_FAMILY = "1,2";
				TEST_HOST = "$(BUILT_PRODUCTS_DIR)/ios-challenge.app/$(BUNDLE_EXECUTABLE_FOLDER_PATH)/ios-challenge";
			};
			name = Release;
		};
		06CF18672BC68C4E00AB9081 /* Debug */ = {
			isa = XCBuildConfiguration;
			buildSettings = {
				ALWAYS_EMBED_SWIFT_STANDARD_LIBRARIES = YES;
				CODE_SIGN_STYLE = Automatic;
				CURRENT_PROJECT_VERSION = 1;
				GENERATE_INFOPLIST_FILE = YES;
				IPHONEOS_DEPLOYMENT_TARGET = 17.2;
				MACOSX_DEPLOYMENT_TARGET = 14.2;
				MARKETING_VERSION = 1.0;
				PRODUCT_BUNDLE_IDENTIFIER = "com.orgranization.ios-challengeUITests";
				PRODUCT_NAME = "$(TARGET_NAME)";
				SDKROOT = auto;
				SUPPORTED_PLATFORMS = "iphoneos iphonesimulator macosx";
				SWIFT_EMIT_LOC_STRINGS = NO;
				SWIFT_VERSION = 5.0;
				TARGETED_DEVICE_FAMILY = "1,2";
				TEST_TARGET_NAME = "ios-challenge";
			};
			name = Debug;
		};
		06CF18682BC68C4E00AB9081 /* Release */ = {
			isa = XCBuildConfiguration;
			buildSettings = {
				ALWAYS_EMBED_SWIFT_STANDARD_LIBRARIES = YES;
				CODE_SIGN_STYLE = Automatic;
				CURRENT_PROJECT_VERSION = 1;
				GENERATE_INFOPLIST_FILE = YES;
				IPHONEOS_DEPLOYMENT_TARGET = 17.2;
				MACOSX_DEPLOYMENT_TARGET = 14.2;
				MARKETING_VERSION = 1.0;
				PRODUCT_BUNDLE_IDENTIFIER = "com.orgranization.ios-challengeUITests";
				PRODUCT_NAME = "$(TARGET_NAME)";
				SDKROOT = auto;
				SUPPORTED_PLATFORMS = "iphoneos iphonesimulator macosx";
				SWIFT_EMIT_LOC_STRINGS = NO;
				SWIFT_VERSION = 5.0;
				TARGETED_DEVICE_FAMILY = "1,2";
				TEST_TARGET_NAME = "ios-challenge";
			};
			name = Release;
		};
/* End XCBuildConfiguration section */

/* Begin XCConfigurationList section */
		06CF18362BC68C4D00AB9081 /* Build configuration list for PBXProject "ios-challenge" */ = {
			isa = XCConfigurationList;
			buildConfigurations = (
				06CF185E2BC68C4E00AB9081 /* Debug */,
				06CF185F2BC68C4E00AB9081 /* Release */,
			);
			defaultConfigurationIsVisible = 0;
			defaultConfigurationName = Release;
		};
		06CF18602BC68C4E00AB9081 /* Build configuration list for PBXNativeTarget "ios-challenge" */ = {
			isa = XCConfigurationList;
			buildConfigurations = (
				06CF18612BC68C4E00AB9081 /* Debug */,
				06CF18622BC68C4E00AB9081 /* Release */,
			);
			defaultConfigurationIsVisible = 0;
			defaultConfigurationName = Release;
		};
		06CF18632BC68C4E00AB9081 /* Build configuration list for PBXNativeTarget "ios-challengeTests" */ = {
			isa = XCConfigurationList;
			buildConfigurations = (
				06CF18642BC68C4E00AB9081 /* Debug */,
				06CF18652BC68C4E00AB9081 /* Release */,
			);
			defaultConfigurationIsVisible = 0;
			defaultConfigurationName = Release;
		};
		06CF18662BC68C4E00AB9081 /* Build configuration list for PBXNativeTarget "ios-challengeUITests" */ = {
			isa = XCConfigurationList;
			buildConfigurations = (
				06CF18672BC68C4E00AB9081 /* Debug */,
				06CF18682BC68C4E00AB9081 /* Release */,
			);
			defaultConfigurationIsVisible = 0;
			defaultConfigurationName = Release;
		};
/* End XCConfigurationList section */
	};
	rootObject = 06CF18332BC68C4D00AB9081 /* Project object */;
}
